
Microsoft Visual Studio Solution File, Format Version 12.00
# Visual Studio Version 16
VisualStudioVersion = 16.0.30011.22
MinimumVisualStudioVersion = 10.0.40219.1
Project("{2150E333-8FDC-42A3-9474-1A3956D46DE8}") = "src", "src", "{FB92738A-2A00-4D94-9484-625F6E75CC49}"
EndProject
Project("{2150E333-8FDC-42A3-9474-1A3956D46DE8}") = "tests", "tests", "{B381795B-D286-4EF9-A84C-AF1C77B42527}"
EndProject
Project("{9A19103F-16F7-4668-BE54-9A1E7A4F7556}") = "Domain", "src\Domain.csproj", "{78FAD674-095D-46C1-8D84-0584697600BA}"
EndProject
Project("{9A19103F-16F7-4668-BE54-9A1E7A4F7556}") = "UnitTests", "tests\UnitTests\UnitTests.csproj", "{624EB973-47CF-4DC1-9755-A0042F09941B}"
EndProject
Global
	GlobalSection(SolutionConfigurationPlatforms) = preSolution
		Debug|Any CPU = Debug|Any CPU
		Release|Any CPU = Release|Any CPU
	EndGlobalSection
	GlobalSection(ProjectConfigurationPlatforms) = postSolution
		{78FAD674-095D-46C1-8D84-0584697600BA}.Debug|Any CPU.ActiveCfg = Debug|Any CPU
		{78FAD674-095D-46C1-8D84-0584697600BA}.Debug|Any CPU.Build.0 = Debug|Any CPU
		{78FAD674-095D-46C1-8D84-0584697600BA}.Release|Any CPU.ActiveCfg = Release|Any CPU
		{78FAD674-095D-46C1-8D84-0584697600BA}.Release|Any CPU.Build.0 = Release|Any CPU
		{624EB973-47CF-4DC1-9755-A0042F09941B}.Debug|Any CPU.ActiveCfg = Debug|Any CPU
		{624EB973-47CF-4DC1-9755-A0042F09941B}.Debug|Any CPU.Build.0 = Debug|Any CPU
		{624EB973-47CF-4DC1-9755-A0042F09941B}.Release|Any CPU.ActiveCfg = Release|Any CPU
		{624EB973-47CF-4DC1-9755-A0042F09941B}.Release|Any CPU.Build.0 = Release|Any CPU
	EndGlobalSection
	GlobalSection(SolutionProperties) = preSolution
		HideSolutionNode = FALSE
	EndGlobalSection
	GlobalSection(NestedProjects) = preSolution
		{78FAD674-095D-46C1-8D84-0584697600BA} = {FB92738A-2A00-4D94-9484-625F6E75CC49}
		{624EB973-47CF-4DC1-9755-A0042F09941B} = {B381795B-D286-4EF9-A84C-AF1C77B42527}
	EndGlobalSection
	GlobalSection(ExtensibilityGlobals) = postSolution
		SolutionGuid = {4F711394-04B6-4830-9D33-7041B46E893E}
	EndGlobalSection
EndGlobal
